// !$*UTF8*$!
{
	archiveVersion = 1;
	classes = {
	};
	objectVersion = 50;
	objects = {

/* Begin PBXBuildFile section */
		042F843E2515AA7F005C7AA2 /* AppDelegate.m in Sources */ = {isa = PBXBuildFile; fileRef = 042F843D2515AA7F005C7AA2 /* AppDelegate.m */; };
		042F84412515AA7F005C7AA2 /* SceneDelegate.m in Sources */ = {isa = PBXBuildFile; fileRef = 042F84402515AA7F005C7AA2 /* SceneDelegate.m */; };
		042F84442515AA7F005C7AA2 /* ViewController.m in Sources */ = {isa = PBXBuildFile; fileRef = 042F84432515AA7F005C7AA2 /* ViewController.m */; };
		042F84472515AA80005C7AA2 /* Main.storyboard in Resources */ = {isa = PBXBuildFile; fileRef = 042F84452515AA80005C7AA2 /* Main.storyboard */; };
		042F84492515AA87005C7AA2 /* Assets.xcassets in Resources */ = {isa = PBXBuildFile; fileRef = 042F84482515AA87005C7AA2 /* Assets.xcassets */; };
		042F844C2515AA87005C7AA2 /* LaunchScreen.storyboard in Resources */ = {isa = PBXBuildFile; fileRef = 042F844A2515AA87005C7AA2 /* LaunchScreen.storyboard */; };
		042F844F2515AA87005C7AA2 /* main.m in Sources */ = {isa = PBXBuildFile; fileRef = 042F844E2515AA87005C7AA2 /* main.m */; };
		042F84592515AC37005C7AA2 /* AddFunctionVC.m in Sources */ = {isa = PBXBuildFile; fileRef = 042F84582515AC37005C7AA2 /* AddFunctionVC.m */; };
		042F845D2515AC60005C7AA2 /* InsertFunctionVC.m in Sources */ = {isa = PBXBuildFile; fileRef = 042F845C2515AC60005C7AA2 /* InsertFunctionVC.m */; };
		042F84612515AC80005C7AA2 /* RemoveFunctionVC.m in Sources */ = {isa = PBXBuildFile; fileRef = 042F84602515AC80005C7AA2 /* RemoveFunctionVC.m */; };
		042F84662515B6FF005C7AA2 /* UIScrollView+RBAdd.m in Sources */ = {isa = PBXBuildFile; fileRef = 042F84642515B6FF005C7AA2 /* UIScrollView+RBAdd.m */; };
		042F84822515B721005C7AA2 /* ViewController+MASAdditions.m in Sources */ = {isa = PBXBuildFile; fileRef = 042F846F2515B721005C7AA2 /* ViewController+MASAdditions.m */; };
		042F84832515B721005C7AA2 /* MASViewConstraint.m in Sources */ = {isa = PBXBuildFile; fileRef = 042F84702515B721005C7AA2 /* MASViewConstraint.m */; };
		042F84842515B721005C7AA2 /* MASCompositeConstraint.m in Sources */ = {isa = PBXBuildFile; fileRef = 042F84732515B721005C7AA2 /* MASCompositeConstraint.m */; };
		042F84852515B721005C7AA2 /* View+MASAdditions.m in Sources */ = {isa = PBXBuildFile; fileRef = 042F84752515B721005C7AA2 /* View+MASAdditions.m */; };
		042F84862515B721005C7AA2 /* MASConstraint.m in Sources */ = {isa = PBXBuildFile; fileRef = 042F84762515B721005C7AA2 /* MASConstraint.m */; };
		042F84872515B721005C7AA2 /* MASViewAttribute.m in Sources */ = {isa = PBXBuildFile; fileRef = 042F84782515B721005C7AA2 /* MASViewAttribute.m */; };
		042F84882515B721005C7AA2 /* NSLayoutConstraint+MASDebugAdditions.m in Sources */ = {isa = PBXBuildFile; fileRef = 042F84792515B721005C7AA2 /* NSLayoutConstraint+MASDebugAdditions.m */; };
		042F84892515B721005C7AA2 /* MASLayoutConstraint.m in Sources */ = {isa = PBXBuildFile; fileRef = 042F847A2515B721005C7AA2 /* MASLayoutConstraint.m */; };
		042F848A2515B721005C7AA2 /* MASConstraintMaker.m in Sources */ = {isa = PBXBuildFile; fileRef = 042F847E2515B721005C7AA2 /* MASConstraintMaker.m */; };
		042F848B2515B721005C7AA2 /* NSArray+MASAdditions.m in Sources */ = {isa = PBXBuildFile; fileRef = 042F847F2515B721005C7AA2 /* NSArray+MASAdditions.m */; };
		042F848F2515DB0A005C7AA2 /* DemoVC.m in Sources */ = {isa = PBXBuildFile; fileRef = 042F848E2515DB0A005C7AA2 /* DemoVC.m */; };
/* End PBXBuildFile section */

/* Begin PBXFileReference section */
		042F84392515AA7F005C7AA2 /* UISCrollViewRBTool.app */ = {isa = PBXFileReference; explicitFileType = wrapper.application; includeInIndex = 0; path = UISCrollViewRBTool.app; sourceTree = BUILT_PRODUCTS_DIR; };
		042F843C2515AA7F005C7AA2 /* AppDelegate.h */ = {isa = PBXFileReference; lastKnownFileType = sourcecode.c.h; path = AppDelegate.h; sourceTree = "<group>"; };
		042F843D2515AA7F005C7AA2 /* AppDelegate.m */ = {isa = PBXFileReference; lastKnownFileType = sourcecode.c.objc; path = AppDelegate.m; sourceTree = "<group>"; };
		042F843F2515AA7F005C7AA2 /* SceneDelegate.h */ = {isa = PBXFileReference; lastKnownFileType = sourcecode.c.h; path = SceneDelegate.h; sourceTree = "<group>"; };
		042F84402515AA7F005C7AA2 /* SceneDelegate.m */ = {isa = PBXFileReference; lastKnownFileType = sourcecode.c.objc; path = SceneDelegate.m; sourceTree = "<group>"; };
		042F84422515AA7F005C7AA2 /* ViewController.h */ = {isa = PBXFileReference; lastKnownFileType = sourcecode.c.h; path = ViewController.h; sourceTree = "<group>"; };
		042F84432515AA7F005C7AA2 /* ViewController.m */ = {isa = PBXFileReference; lastKnownFileType = sourcecode.c.objc; path = ViewController.m; sourceTree = "<group>"; };
		042F84462515AA80005C7AA2 /* Base */ = {isa = PBXFileReference; lastKnownFileType = file.storyboard; name = Base; path = Base.lproj/Main.storyboard; sourceTree = "<group>"; };
		042F84482515AA87005C7AA2 /* Assets.xcassets */ = {isa = PBXFileReference; lastKnownFileType = folder.assetcatalog; path = Assets.xcassets; sourceTree = "<group>"; };
		042F844B2515AA87005C7AA2 /* Base */ = {isa = PBXFileReference; lastKnownFileType = file.storyboard; name = Base; path = Base.lproj/LaunchScreen.storyboard; sourceTree = "<group>"; };
		042F844D2515AA87005C7AA2 /* Info.plist */ = {isa = PBXFileReference; lastKnownFileType = text.plist.xml; path = Info.plist; sourceTree = "<group>"; };
		042F844E2515AA87005C7AA2 /* main.m */ = {isa = PBXFileReference; lastKnownFileType = sourcecode.c.objc; path = main.m; sourceTree = "<group>"; };
		042F84572515AC37005C7AA2 /* AddFunctionVC.h */ = {isa = PBXFileReference; lastKnownFileType = sourcecode.c.h; path = AddFunctionVC.h; sourceTree = "<group>"; };
		042F84582515AC37005C7AA2 /* AddFunctionVC.m */ = {isa = PBXFileReference; lastKnownFileType = sourcecode.c.objc; path = AddFunctionVC.m; sourceTree = "<group>"; };
		042F845B2515AC60005C7AA2 /* InsertFunctionVC.h */ = {isa = PBXFileReference; lastKnownFileType = sourcecode.c.h; path = InsertFunctionVC.h; sourceTree = "<group>"; };
		042F845C2515AC60005C7AA2 /* InsertFunctionVC.m */ = {isa = PBXFileReference; lastKnownFileType = sourcecode.c.objc; path = InsertFunctionVC.m; sourceTree = "<group>"; };
		042F845F2515AC80005C7AA2 /* RemoveFunctionVC.h */ = {isa = PBXFileReference; lastKnownFileType = sourcecode.c.h; path = RemoveFunctionVC.h; sourceTree = "<group>"; };
		042F84602515AC80005C7AA2 /* RemoveFunctionVC.m */ = {isa = PBXFileReference; lastKnownFileType = sourcecode.c.objc; path = RemoveFunctionVC.m; sourceTree = "<group>"; };
		042F84642515B6FF005C7AA2 /* UIScrollView+RBAdd.m */ = {isa = PBXFileReference; fileEncoding = 4; lastKnownFileType = sourcecode.c.objc; path = "UIScrollView+RBAdd.m"; sourceTree = "<group>"; };
		042F84652515B6FF005C7AA2 /* UIScrollView+RBAdd.h */ = {isa = PBXFileReference; fileEncoding = 4; lastKnownFileType = sourcecode.c.h; path = "UIScrollView+RBAdd.h"; sourceTree = "<group>"; };
		042F84692515B720005C7AA2 /* View+MASAdditions.h */ = {isa = PBXFileReference; fileEncoding = 4; lastKnownFileType = sourcecode.c.h; path = "View+MASAdditions.h"; sourceTree = "<group>"; };
		042F846A2515B720005C7AA2 /* NSArray+MASAdditions.h */ = {isa = PBXFileReference; fileEncoding = 4; lastKnownFileType = sourcecode.c.h; path = "NSArray+MASAdditions.h"; sourceTree = "<group>"; };
		042F846B2515B720005C7AA2 /* NSLayoutConstraint+MASDebugAdditions.h */ = {isa = PBXFileReference; fileEncoding = 4; lastKnownFileType = sourcecode.c.h; path = "NSLayoutConstraint+MASDebugAdditions.h"; sourceTree = "<group>"; };
		042F846C2515B720005C7AA2 /* MASUtilities.h */ = {isa = PBXFileReference; fileEncoding = 4; lastKnownFileType = sourcecode.c.h; path = MASUtilities.h; sourceTree = "<group>"; };
		042F846D2515B720005C7AA2 /* View+MASShorthandAdditions.h */ = {isa = PBXFileReference; fileEncoding = 4; lastKnownFileType = sourcecode.c.h; path = "View+MASShorthandAdditions.h"; sourceTree = "<group>"; };
		042F846E2515B720005C7AA2 /* MASConstraint+Private.h */ = {isa = PBXFileReference; fileEncoding = 4; lastKnownFileType = sourcecode.c.h; path = "MASConstraint+Private.h"; sourceTree = "<group>"; };
		042F846F2515B721005C7AA2 /* ViewController+MASAdditions.m */ = {isa = PBXFileReference; fileEncoding = 4; lastKnownFileType = sourcecode.c.objc; path = "ViewController+MASAdditions.m"; sourceTree = "<group>"; };
		042F84702515B721005C7AA2 /* MASViewConstraint.m */ = {isa = PBXFileReference; fileEncoding = 4; lastKnownFileType = sourcecode.c.objc; path = MASViewConstraint.m; sourceTree = "<group>"; };
		042F84712515B721005C7AA2 /* MASViewAttribute.h */ = {isa = PBXFileReference; fileEncoding = 4; lastKnownFileType = sourcecode.c.h; path = MASViewAttribute.h; sourceTree = "<group>"; };
		042F84722515B721005C7AA2 /* MASViewConstraint.h */ = {isa = PBXFileReference; fileEncoding = 4; lastKnownFileType = sourcecode.c.h; path = MASViewConstraint.h; sourceTree = "<group>"; };
		042F84732515B721005C7AA2 /* MASCompositeConstraint.m */ = {isa = PBXFileReference; fileEncoding = 4; lastKnownFileType = sourcecode.c.objc; path = MASCompositeConstraint.m; sourceTree = "<group>"; };
		042F84742515B721005C7AA2 /* MASLayoutConstraint.h */ = {isa = PBXFileReference; fileEncoding = 4; lastKnownFileType = sourcecode.c.h; path = MASLayoutConstraint.h; sourceTree = "<group>"; };
		042F84752515B721005C7AA2 /* View+MASAdditions.m */ = {isa = PBXFileReference; fileEncoding = 4; lastKnownFileType = sourcecode.c.objc; path = "View+MASAdditions.m"; sourceTree = "<group>"; };
		042F84762515B721005C7AA2 /* MASConstraint.m */ = {isa = PBXFileReference; fileEncoding = 4; lastKnownFileType = sourcecode.c.objc; path = MASConstraint.m; sourceTree = "<group>"; };
		042F84772515B721005C7AA2 /* ViewController+MASAdditions.h */ = {isa = PBXFileReference; fileEncoding = 4; lastKnownFileType = sourcecode.c.h; path = "ViewController+MASAdditions.h"; sourceTree = "<group>"; };
		042F84782515B721005C7AA2 /* MASViewAttribute.m */ = {isa = PBXFileReference; fileEncoding = 4; lastKnownFileType = sourcecode.c.objc; path = MASViewAttribute.m; sourceTree = "<group>"; };
		042F84792515B721005C7AA2 /* NSLayoutConstraint+MASDebugAdditions.m */ = {isa = PBXFileReference; fileEncoding = 4; lastKnownFileType = sourcecode.c.objc; path = "NSLayoutConstraint+MASDebugAdditions.m"; sourceTree = "<group>"; };
		042F847A2515B721005C7AA2 /* MASLayoutConstraint.m */ = {isa = PBXFileReference; fileEncoding = 4; lastKnownFileType = sourcecode.c.objc; path = MASLayoutConstraint.m; sourceTree = "<group>"; };
		042F847B2515B721005C7AA2 /* MASConstraintMaker.h */ = {isa = PBXFileReference; fileEncoding = 4; lastKnownFileType = sourcecode.c.h; path = MASConstraintMaker.h; sourceTree = "<group>"; };
		042F847C2515B721005C7AA2 /* MASConstraint.h */ = {isa = PBXFileReference; fileEncoding = 4; lastKnownFileType = sourcecode.c.h; path = MASConstraint.h; sourceTree = "<group>"; };
		042F847D2515B721005C7AA2 /* MASCompositeConstraint.h */ = {isa = PBXFileReference; fileEncoding = 4; lastKnownFileType = sourcecode.c.h; path = MASCompositeConstraint.h; sourceTree = "<group>"; };
		042F847E2515B721005C7AA2 /* MASConstraintMaker.m */ = {isa = PBXFileReference; fileEncoding = 4; lastKnownFileType = sourcecode.c.objc; path = MASConstraintMaker.m; sourceTree = "<group>"; };
		042F847F2515B721005C7AA2 /* NSArray+MASAdditions.m */ = {isa = PBXFileReference; fileEncoding = 4; lastKnownFileType = sourcecode.c.objc; path = "NSArray+MASAdditions.m"; sourceTree = "<group>"; };
		042F84802515B721005C7AA2 /* NSArray+MASShorthandAdditions.h */ = {isa = PBXFileReference; fileEncoding = 4; lastKnownFileType = sourcecode.c.h; path = "NSArray+MASShorthandAdditions.h"; sourceTree = "<group>"; };
		042F84812515B721005C7AA2 /* Masonry.h */ = {isa = PBXFileReference; fileEncoding = 4; lastKnownFileType = sourcecode.c.h; path = Masonry.h; sourceTree = "<group>"; };
		042F848D2515DB0A005C7AA2 /* DemoVC.h */ = {isa = PBXFileReference; lastKnownFileType = sourcecode.c.h; path = DemoVC.h; sourceTree = "<group>"; };
		042F848E2515DB0A005C7AA2 /* DemoVC.m */ = {isa = PBXFileReference; lastKnownFileType = sourcecode.c.objc; path = DemoVC.m; sourceTree = "<group>"; };
/* End PBXFileReference section */

/* Begin PBXFrameworksBuildPhase section */
		042F84362515AA7F005C7AA2 /* Frameworks */ = {
			isa = PBXFrameworksBuildPhase;
			buildActionMask = 2147483647;
			files = (
			);
			runOnlyForDeploymentPostprocessing = 0;
		};
/* End PBXFrameworksBuildPhase section */

/* Begin PBXGroup section */
		042F84302515AA7F005C7AA2 = {
			isa = PBXGroup;
			children = (
				042F843B2515AA7F005C7AA2 /* UISCrollViewRBTool */,
				042F843A2515AA7F005C7AA2 /* Products */,
			);
			sourceTree = "<group>";
		};
		042F843A2515AA7F005C7AA2 /* Products */ = {
			isa = PBXGroup;
			children = (
				042F84392515AA7F005C7AA2 /* UISCrollViewRBTool.app */,
			);
			name = Products;
			sourceTree = "<group>";
		};
		042F843B2515AA7F005C7AA2 /* UISCrollViewRBTool */ = {
			isa = PBXGroup;
			children = (
				042F84682515B706005C7AA2 /* Masonry */,
				042F84632515B6EF005C7AA2 /* UIScrollViewTool */,
				042F843C2515AA7F005C7AA2 /* AppDelegate.h */,
				042F843D2515AA7F005C7AA2 /* AppDelegate.m */,
				042F843F2515AA7F005C7AA2 /* SceneDelegate.h */,
				042F84402515AA7F005C7AA2 /* SceneDelegate.m */,
				042F84422515AA7F005C7AA2 /* ViewController.h */,
				042F84432515AA7F005C7AA2 /* ViewController.m */,
				042F84572515AC37005C7AA2 /* AddFunctionVC.h */,
				042F84582515AC37005C7AA2 /* AddFunctionVC.m */,
				042F845B2515AC60005C7AA2 /* InsertFunctionVC.h */,
				042F845C2515AC60005C7AA2 /* InsertFunctionVC.m */,
				042F845F2515AC80005C7AA2 /* RemoveFunctionVC.h */,
				042F84602515AC80005C7AA2 /* RemoveFunctionVC.m */,
				042F848D2515DB0A005C7AA2 /* DemoVC.h */,
				042F848E2515DB0A005C7AA2 /* DemoVC.m */,
				042F84452515AA80005C7AA2 /* Main.storyboard */,
				042F84482515AA87005C7AA2 /* Assets.xcassets */,
				042F844A2515AA87005C7AA2 /* LaunchScreen.storyboard */,
				042F844D2515AA87005C7AA2 /* Info.plist */,
				042F844E2515AA87005C7AA2 /* main.m */,
			);
			path = UISCrollViewRBTool;
			sourceTree = "<group>";
		};
		042F84632515B6EF005C7AA2 /* UIScrollViewTool */ = {
			isa = PBXGroup;
			children = (
				042F84652515B6FF005C7AA2 /* UIScrollView+RBAdd.h */,
				042F84642515B6FF005C7AA2 /* UIScrollView+RBAdd.m */,
			);
			path = UIScrollViewTool;
			sourceTree = "<group>";
		};
		042F84682515B706005C7AA2 /* Masonry */ = {
			isa = PBXGroup;
			children = (
				042F847D2515B721005C7AA2 /* MASCompositeConstraint.h */,
				042F84732515B721005C7AA2 /* MASCompositeConstraint.m */,
				042F847C2515B721005C7AA2 /* MASConstraint.h */,
				042F84762515B721005C7AA2 /* MASConstraint.m */,
				042F846E2515B720005C7AA2 /* MASConstraint+Private.h */,
				042F847B2515B721005C7AA2 /* MASConstraintMaker.h */,
				042F847E2515B721005C7AA2 /* MASConstraintMaker.m */,
				042F84742515B721005C7AA2 /* MASLayoutConstraint.h */,
				042F847A2515B721005C7AA2 /* MASLayoutConstraint.m */,
				042F84812515B721005C7AA2 /* Masonry.h */,
				042F846C2515B720005C7AA2 /* MASUtilities.h */,
				042F84712515B721005C7AA2 /* MASViewAttribute.h */,
				042F84782515B721005C7AA2 /* MASViewAttribute.m */,
				042F84722515B721005C7AA2 /* MASViewConstraint.h */,
				042F84702515B721005C7AA2 /* MASViewConstraint.m */,
				042F846A2515B720005C7AA2 /* NSArray+MASAdditions.h */,
				042F847F2515B721005C7AA2 /* NSArray+MASAdditions.m */,
				042F84802515B721005C7AA2 /* NSArray+MASShorthandAdditions.h */,
				042F846B2515B720005C7AA2 /* NSLayoutConstraint+MASDebugAdditions.h */,
				042F84792515B721005C7AA2 /* NSLayoutConstraint+MASDebugAdditions.m */,
				042F84692515B720005C7AA2 /* View+MASAdditions.h */,
				042F84752515B721005C7AA2 /* View+MASAdditions.m */,
				042F846D2515B720005C7AA2 /* View+MASShorthandAdditions.h */,
				042F84772515B721005C7AA2 /* ViewController+MASAdditions.h */,
				042F846F2515B721005C7AA2 /* ViewController+MASAdditions.m */,
			);
			path = Masonry;
			sourceTree = "<group>";
		};
/* End PBXGroup section */

/* Begin PBXNativeTarget section */
		042F84382515AA7F005C7AA2 /* UISCrollViewRBTool */ = {
			isa = PBXNativeTarget;
			buildConfigurationList = 042F84522515AA87005C7AA2 /* Build configuration list for PBXNativeTarget "UISCrollViewRBTool" */;
			buildPhases = (
				042F84352515AA7F005C7AA2 /* Sources */,
				042F84362515AA7F005C7AA2 /* Frameworks */,
				042F84372515AA7F005C7AA2 /* Resources */,
			);
			buildRules = (
			);
			dependencies = (
			);
			name = UISCrollViewRBTool;
			productName = UISCrollViewRBTool;
			productReference = 042F84392515AA7F005C7AA2 /* UISCrollViewRBTool.app */;
			productType = "com.apple.product-type.application";
		};
/* End PBXNativeTarget section */

/* Begin PBXProject section */
		042F84312515AA7F005C7AA2 /* Project object */ = {
			isa = PBXProject;
			attributes = {
				LastUpgradeCheck = 1200;
				TargetAttributes = {
					042F84382515AA7F005C7AA2 = {
						CreatedOnToolsVersion = 12.0;
					};
				};
			};
			buildConfigurationList = 042F84342515AA7F005C7AA2 /* Build configuration list for PBXProject "UISCrollViewRBTool" */;
			compatibilityVersion = "Xcode 9.3";
			developmentRegion = en;
			hasScannedForEncodings = 0;
			knownRegions = (
				en,
				Base,
			);
			mainGroup = 042F84302515AA7F005C7AA2;
			productRefGroup = 042F843A2515AA7F005C7AA2 /* Products */;
			projectDirPath = "";
			projectRoot = "";
			targets = (
				042F84382515AA7F005C7AA2 /* UISCrollViewRBTool */,
			);
		};
/* End PBXProject section */

/* Begin PBXResourcesBuildPhase section */
		042F84372515AA7F005C7AA2 /* Resources */ = {
			isa = PBXResourcesBuildPhase;
			buildActionMask = 2147483647;
			files = (
				042F844C2515AA87005C7AA2 /* LaunchScreen.storyboard in Resources */,
				042F84492515AA87005C7AA2 /* Assets.xcassets in Resources */,
				042F84472515AA80005C7AA2 /* Main.storyboard in Resources */,
			);
			runOnlyForDeploymentPostprocessing = 0;
		};
/* End PBXResourcesBuildPhase section */

/* Begin PBXSourcesBuildPhase section */
		042F84352515AA7F005C7AA2 /* Sources */ = {
			isa = PBXSourcesBuildPhase;
			buildActionMask = 2147483647;
			files = (
				042F84612515AC80005C7AA2 /* RemoveFunctionVC.m in Sources */,
				042F848F2515DB0A005C7AA2 /* DemoVC.m in Sources */,
				042F84872515B721005C7AA2 /* MASViewAttribute.m in Sources */,
				042F84442515AA7F005C7AA2 /* ViewController.m in Sources */,
				042F845D2515AC60005C7AA2 /* InsertFunctionVC.m in Sources */,
				042F84892515B721005C7AA2 /* MASLayoutConstraint.m in Sources */,
				042F843E2515AA7F005C7AA2 /* AppDelegate.m in Sources */,
				042F84592515AC37005C7AA2 /* AddFunctionVC.m in Sources */,
				042F848A2515B721005C7AA2 /* MASConstraintMaker.m in Sources */,
				042F84842515B721005C7AA2 /* MASCompositeConstraint.m in Sources */,
				042F84832515B721005C7AA2 /* MASViewConstraint.m in Sources */,
				042F84882515B721005C7AA2 /* NSLayoutConstraint+MASDebugAdditions.m in Sources */,
				042F84822515B721005C7AA2 /* ViewController+MASAdditions.m in Sources */,
				042F84852515B721005C7AA2 /* View+MASAdditions.m in Sources */,
				042F844F2515AA87005C7AA2 /* main.m in Sources */,
				042F848B2515B721005C7AA2 /* NSArray+MASAdditions.m in Sources */,
				042F84412515AA7F005C7AA2 /* SceneDelegate.m in Sources */,
				042F84662515B6FF005C7AA2 /* UIScrollView+RBAdd.m in Sources */,
				042F84862515B721005C7AA2 /* MASConstraint.m in Sources */,
			);
			runOnlyForDeploymentPostprocessing = 0;
		};
/* End PBXSourcesBuildPhase section */

/* Begin PBXVariantGroup section */
		042F84452515AA80005C7AA2 /* Main.storyboard */ = {
			isa = PBXVariantGroup;
			children = (
				042F84462515AA80005C7AA2 /* Base */,
			);
			name = Main.storyboard;
			sourceTree = "<group>";
		};
		042F844A2515AA87005C7AA2 /* LaunchScreen.storyboard */ = {
			isa = PBXVariantGroup;
			children = (
				042F844B2515AA87005C7AA2 /* Base */,
			);
			name = LaunchScreen.storyboard;
			sourceTree = "<group>";
		};
/* End PBXVariantGroup section */

/* Begin XCBuildConfiguration section */
		042F84502515AA87005C7AA2 /* Debug */ = {
			isa = XCBuildConfiguration;
			buildSettings = {
				ALWAYS_SEARCH_USER_PATHS = NO;
				CLANG_ANALYZER_NONNULL = YES;
				CLANG_ANALYZER_NUMBER_OBJECT_CONVERSION = YES_AGGRESSIVE;
				CLANG_CXX_LANGUAGE_STANDARD = "gnu++14";
				CLANG_CXX_LIBRARY = "libc++";
				CLANG_ENABLE_MODULES = YES;
				CLANG_ENABLE_OBJC_ARC = YES;
				CLANG_ENABLE_OBJC_WEAK = YES;
				CLANG_WARN_BLOCK_CAPTURE_AUTORELEASING = YES;
				CLANG_WARN_BOOL_CONVERSION = YES;
				CLANG_WARN_COMMA = YES;
				CLANG_WARN_CONSTANT_CONVERSION = YES;
				CLANG_WARN_DEPRECATED_OBJC_IMPLEMENTATIONS = YES;
				CLANG_WARN_DIRECT_OBJC_ISA_USAGE = YES_ERROR;
				CLANG_WARN_DOCUMENTATION_COMMENTS = YES;
				CLANG_WARN_EMPTY_BODY = YES;
				CLANG_WARN_ENUM_CONVERSION = YES;
				CLANG_WARN_INFINITE_RECURSION = YES;
				CLANG_WARN_INT_CONVERSION = YES;
				CLANG_WARN_NON_LITERAL_NULL_CONVERSION = YES;
				CLANG_WARN_OBJC_IMPLICIT_RETAIN_SELF = YES;
				CLANG_WARN_OBJC_LITERAL_CONVERSION = YES;
				CLANG_WARN_OBJC_ROOT_CLASS = YES_ERROR;
				CLANG_WARN_QUOTED_INCLUDE_IN_FRAMEWORK_HEADER = YES;
				CLANG_WARN_RANGE_LOOP_ANALYSIS = YES;
				CLANG_WARN_STRICT_PROTOTYPES = YES;
				CLANG_WARN_SUSPICIOUS_MOVE = YES;
				CLANG_WARN_UNGUARDED_AVAILABILITY = YES_AGGRESSIVE;
				CLANG_WARN_UNREACHABLE_CODE = YES;
				CLANG_WARN__DUPLICATE_METHOD_MATCH = YES;
				COPY_PHASE_STRIP = NO;
				DEBUG_INFORMATION_FORMAT = dwarf;
				ENABLE_STRICT_OBJC_MSGSEND = YES;
				ENABLE_TESTABILITY = YES;
				GCC_C_LANGUAGE_STANDARD = gnu11;
				GCC_DYNAMIC_NO_PIC = NO;
				GCC_NO_COMMON_BLOCKS = YES;
				GCC_OPTIMIZATION_LEVEL = 0;
				GCC_PREPROCESSOR_DEFINITIONS = (
					"DEBUG=1",
					"$(inherited)",
				);
				GCC_WARN_64_TO_32_BIT_CONVERSION = YES;
				GCC_WARN_ABOUT_RETURN_TYPE = YES_ERROR;
				GCC_WARN_UNDECLARED_SELECTOR = YES;
				GCC_WARN_UNINITIALIZED_AUTOS = YES_AGGRESSIVE;
				GCC_WARN_UNUSED_FUNCTION = YES;
				GCC_WARN_UNUSED_VARIABLE = YES;
				IPHONEOS_DEPLOYMENT_TARGET = 14.0;
				MTL_ENABLE_DEBUG_INFO = INCLUDE_SOURCE;
				MTL_FAST_MATH = YES;
				ONLY_ACTIVE_ARCH = YES;
				SDKROOT = iphoneos;
			};
			name = Debug;
		};
		042F84512515AA87005C7AA2 /* Release */ = {
			isa = XCBuildConfiguration;
			buildSettings = {
				ALWAYS_SEARCH_USER_PATHS = NO;
				CLANG_ANALYZER_NONNULL = YES;
				CLANG_ANALYZER_NUMBER_OBJECT_CONVERSION = YES_AGGRESSIVE;
				CLANG_CXX_LANGUAGE_STANDARD = "gnu++14";
				CLANG_CXX_LIBRARY = "libc++";
				CLANG_ENABLE_MODULES = YES;
				CLANG_ENABLE_OBJC_ARC = YES;
				CLANG_ENABLE_OBJC_WEAK = YES;
				CLANG_WARN_BLOCK_CAPTURE_AUTORELEASING = YES;
				CLANG_WARN_BOOL_CONVERSION = YES;
				CLANG_WARN_COMMA = YES;
				CLANG_WARN_CONSTANT_CONVERSION = YES;
				CLANG_WARN_DEPRECATED_OBJC_IMPLEMENTATIONS = YES;
				CLANG_WARN_DIRECT_OBJC_ISA_USAGE = YES_ERROR;
				CLANG_WARN_DOCUMENTATION_COMMENTS = YES;
				CLANG_WARN_EMPTY_BODY = YES;
				CLANG_WARN_ENUM_CONVERSION = YES;
				CLANG_WARN_INFINITE_RECURSION = YES;
				CLANG_WARN_INT_CONVERSION = YES;
				CLANG_WARN_NON_LITERAL_NULL_CONVERSION = YES;
				CLANG_WARN_OBJC_IMPLICIT_RETAIN_SELF = YES;
				CLANG_WARN_OBJC_LITERAL_CONVERSION = YES;
				CLANG_WARN_OBJC_ROOT_CLASS = YES_ERROR;
				CLANG_WARN_QUOTED_INCLUDE_IN_FRAMEWORK_HEADER = YES;
				CLANG_WARN_RANGE_LOOP_ANALYSIS = YES;
				CLANG_WARN_STRICT_PROTOTYPES = YES;
				CLANG_WARN_SUSPICIOUS_MOVE = YES;
				CLANG_WARN_UNGUARDED_AVAILABILITY = YES_AGGRESSIVE;
				CLANG_WARN_UNREACHABLE_CODE = YES;
				CLANG_WARN__DUPLICATE_METHOD_MATCH = YES;
				COPY_PHASE_STRIP = NO;
				DEBUG_INFORMATION_FORMAT = "dwarf-with-dsym";
				ENABLE_NS_ASSERTIONS = NO;
				ENABLE_STRICT_OBJC_MSGSEND = YES;
				GCC_C_LANGUAGE_STANDARD = gnu11;
				GCC_NO_COMMON_BLOCKS = YES;
				GCC_WARN_64_TO_32_BIT_CONVERSION = YES;
				GCC_WARN_ABOUT_RETURN_TYPE = YES_ERROR;
				GCC_WARN_UNDECLARED_SELECTOR = YES;
				GCC_WARN_UNINITIALIZED_AUTOS = YES_AGGRESSIVE;
				GCC_WARN_UNUSED_FUNCTION = YES;
				GCC_WARN_UNUSED_VARIABLE = YES;
				IPHONEOS_DEPLOYMENT_TARGET = 14.0;
				MTL_ENABLE_DEBUG_INFO = NO;
				MTL_FAST_MATH = YES;
				SDKROOT = iphoneos;
				VALIDATE_PRODUCT = YES;
			};
			name = Release;
		};
		042F84532515AA87005C7AA2 /* Debug */ = {
			isa = XCBuildConfiguration;
			buildSettings = {
				ASSETCATALOG_COMPILER_APPICON_NAME = AppIcon;
				ASSETCATALOG_COMPILER_GLOBAL_ACCENT_COLOR_NAME = AccentColor;
				CODE_SIGN_STYLE = Automatic;
				DEVELOPMENT_TEAM = ZLT682MLWT;
				INFOPLIST_FILE = UISCrollViewRBTool/Info.plist;
				IPHONEOS_DEPLOYMENT_TARGET = 9.0;
				LD_RUNPATH_SEARCH_PATHS = (
					"$(inherited)",
					"@executable_path/Frameworks",
				);
				PRODUCT_BUNDLE_IDENTIFIER = com.test.UISCrollViewRBTool;
				PRODUCT_NAME = "$(TARGET_NAME)";
				TARGETED_DEVICE_FAMILY = 1;
			};
			name = Debug;
		};
		042F84542515AA87005C7AA2 /* Release */ = {
			isa = XCBuildConfiguration;
			buildSettings = {
				ASSETCATALOG_COMPILER_APPICON_NAME = AppIcon;
				ASSETCATALOG_COMPILER_GLOBAL_ACCENT_COLOR_NAME = AccentColor;
				CODE_SIGN_STYLE = Automatic;
				DEVELOPMENT_TEAM = ZLT682MLWT;
				INFOPLIST_FILE = UISCrollViewRBTool/Info.plist;
				IPHONEOS_DEPLOYMENT_TARGET = 9.0;
				LD_RUNPATH_SEARCH_PATHS = (
					"$(inherited)",
					"@executable_path/Frameworks",
				);
				PRODUCT_BUNDLE_IDENTIFIER = com.test.UISCrollViewRBTool;
				PRODUCT_NAME = "$(TARGET_NAME)";
				TARGETED_DEVICE_FAMILY = 1;
			};
			name = Release;
		};
/* End XCBuildConfiguration section */

/* Begin XCConfigurationList section */
		042F84342515AA7F005C7AA2 /* Build configuration list for PBXProject "UISCrollViewRBTool" */ = {
			isa = XCConfigurationList;
			buildConfigurations = (
				042F84502515AA87005C7AA2 /* Debug */,
				042F84512515AA87005C7AA2 /* Release */,
			);
			defaultConfigurationIsVisible = 0;
			defaultConfigurationName = Release;
		};
		042F84522515AA87005C7AA2 /* Build configuration list for PBXNativeTarget "UISCrollViewRBTool" */ = {
			isa = XCConfigurationList;
			buildConfigurations = (
				042F84532515AA87005C7AA2 /* Debug */,
				042F84542515AA87005C7AA2 /* Release */,
			);
			defaultConfigurationIsVisible = 0;
			defaultConfigurationName = Release;
		};
/* End XCConfigurationList section */
	};
	rootObject = 042F84312515AA7F005C7AA2 /* Project object */;
}
